
Microsoft Visual Studio Solution File, Format Version 12.00
# Visual Studio Version 17
VisualStudioVersion = 17.11.35327.3
MinimumVisualStudioVersion = 10.0.40219.1
Project("{FAE04EC0-301F-11D3-BF4B-00C04F79EFBC}") = "darrs8", "darrs8.csproj", "{CA7F44AD-C7A7-4293-BBFC-72CBA1354524}"
EndProject
Global
	GlobalSection(SolutionConfigurationPlatforms) = preSolution
		Debug|Any CPU = Debug|Any CPU
		Release|Any CPU = Release|Any CPU
	EndGlobalSection
	GlobalSection(ProjectConfigurationPlatforms) = postSolution
		{CA7F44AD-C7A7-4293-BBFC-72CBA1354524}.Debug|Any CPU.ActiveCfg = Debug|Any CPU
		{CA7F44AD-C7A7-4293-BBFC-72CBA1354524}.Debug|Any CPU.Build.0 = Debug|Any CPU
		{CA7F44AD-C7A7-4293-BBFC-72CBA1354524}.Release|Any CPU.ActiveCfg = Release|Any CPU
		{CA7F44AD-C7A7-4293-BBFC-72CBA1354524}.Release|Any CPU.Build.0 = Release|Any CPU
	EndGlobalSection
	GlobalSection(SolutionProperties) = preSolution
		HideSolutionNode = FALSE
	EndGlobalSection
	GlobalSection(ExtensibilityGlobals) = postSolution
		SolutionGuid = {BA25555F-5CC6-4C92-AF7E-5FDD1DD4F068}
	EndGlobalSection
EndGlobal
