
Microsoft Visual Studio Solution File, Format Version 12.00
# Visual Studio Version 17
VisualStudioVersion = 17.11.35327.3
MinimumVisualStudioVersion = 10.0.40219.1
Project("{FAE04EC0-301F-11D3-BF4B-00C04F79EFBC}") = "thirdLessonInFirstModul", "thirdLessonInFirstModul.csproj", "{C0743877-AB1F-4A35-B137-545C5C5E92D2}"
EndProject
Global
	GlobalSection(SolutionConfigurationPlatforms) = preSolution
		Debug|Any CPU = Debug|Any CPU
		Release|Any CPU = Release|Any CPU
	EndGlobalSection
	GlobalSection(ProjectConfigurationPlatforms) = postSolution
		{C0743877-AB1F-4A35-B137-545C5C5E92D2}.Debug|Any CPU.ActiveCfg = Debug|Any CPU
		{C0743877-AB1F-4A35-B137-545C5C5E92D2}.Debug|Any CPU.Build.0 = Debug|Any CPU
		{C0743877-AB1F-4A35-B137-545C5C5E92D2}.Release|Any CPU.ActiveCfg = Release|Any CPU
		{C0743877-AB1F-4A35-B137-545C5C5E92D2}.Release|Any CPU.Build.0 = Release|Any CPU
	EndGlobalSection
	GlobalSection(SolutionProperties) = preSolution
		HideSolutionNode = FALSE
	EndGlobalSection
	GlobalSection(ExtensibilityGlobals) = postSolution
		SolutionGuid = {573BD4C1-CCC6-4CA3-87B2-509A57A3FE2C}
	EndGlobalSection
EndGlobal
